
Microsoft Visual Studio Solution File, Format Version 12.00
# Visual Studio 2013
VisualStudioVersion = 12.0.31101.0
MinimumVisualStudioVersion = 10.0.40219.1
Project("{E24C65DC-7377-472B-9ABA-BC803B73C61A}") = "WCFService1(1)", "http://localhost:1000", "{D05A2194-8BC3-4DA6-8FB6-34C66E58501B}"
	ProjectSection(WebsiteProperties) = preProject
		UseIISExpress = "true"
		TargetFrameworkMoniker = ".NETFramework,Version%3Dv4.5"
		Debug.AspNetCompiler.VirtualPath = "/localhost_49360"
		Debug.AspNetCompiler.PhysicalPath = "..\..\WebSites\WCFService1\"
		Debug.AspNetCompiler.TargetPath = "PrecompiledWeb\localhost_49360\"
		Debug.AspNetCompiler.Updateable = "true"
		Debug.AspNetCompiler.ForceOverwrite = "true"
		Debug.AspNetCompiler.FixedNames = "false"
		Debug.AspNetCompiler.Debug = "True"
		Release.AspNetCompiler.VirtualPath = "/localhost_49360"
		Release.AspNetCompiler.PhysicalPath = "..\..\WebSites\WCFService1\"
		Release.AspNetCompiler.TargetPath = "PrecompiledWeb\localhost_49360\"
		Release.AspNetCompiler.Updateable = "true"
		Release.AspNetCompiler.ForceOverwrite = "true"
		Release.AspNetCompiler.FixedNames = "false"
		Release.AspNetCompiler.Debug = "False"
		SlnRelativePath = "..\..\WebSites\WCFService1\"
		DefaultWebSiteLanguage = "Visual C#"
		StartServerOnDebug = "true"
	EndProjectSection
EndProject
Project("{FAE04EC0-301F-11D3-BF4B-00C04F79EFBC}") = "WindowsFormsApplication1", "WindowsFormsApplication1\WindowsFormsApplication1.csproj", "{C70B7652-965E-4D14-9624-BE55E76D2E18}"
	ProjectSection(ProjectDependencies) = postProject
		{D05A2194-8BC3-4DA6-8FB6-34C66E58501B} = {D05A2194-8BC3-4DA6-8FB6-34C66E58501B}
	EndProjectSection
EndProject
Global
	GlobalSection(SolutionConfigurationPlatforms) = preSolution
		Debug|Any CPU = Debug|Any CPU
		Release|Any CPU = Release|Any CPU
	EndGlobalSection
	GlobalSection(ProjectConfigurationPlatforms) = postSolution
		{D05A2194-8BC3-4DA6-8FB6-34C66E58501B}.Debug|Any CPU.ActiveCfg = Debug|Any CPU
		{D05A2194-8BC3-4DA6-8FB6-34C66E58501B}.Debug|Any CPU.Build.0 = Debug|Any CPU
		{D05A2194-8BC3-4DA6-8FB6-34C66E58501B}.Release|Any CPU.ActiveCfg = Debug|Any CPU
		{D05A2194-8BC3-4DA6-8FB6-34C66E58501B}.Release|Any CPU.Build.0 = Debug|Any CPU
		{C70B7652-965E-4D14-9624-BE55E76D2E18}.Debug|Any CPU.ActiveCfg = Debug|Any CPU
		{C70B7652-965E-4D14-9624-BE55E76D2E18}.Debug|Any CPU.Build.0 = Debug|Any CPU
		{C70B7652-965E-4D14-9624-BE55E76D2E18}.Release|Any CPU.ActiveCfg = Release|Any CPU
		{C70B7652-965E-4D14-9624-BE55E76D2E18}.Release|Any CPU.Build.0 = Release|Any CPU
	EndGlobalSection
	GlobalSection(SolutionProperties) = preSolution
		HideSolutionNode = FALSE
	EndGlobalSection
EndGlobal
